
Microsoft Visual Studio Solution File, Format Version 12.00
# Visual Studio Version 17
VisualStudioVersion = 17.9.34728.123
MinimumVisualStudioVersion = 10.0.40219.1
Project("{9A19103F-16F7-4668-BE54-9A1E7A4F7556}") = "BO", "BO\BO.csproj", "{6A984D63-F258-4CCA-AD51-89B49E2D000E}"
EndProject
Project("{FAE04EC0-301F-11D3-BF4B-00C04F79EFBC}") = "DAL", "DAL\DAL.csproj", "{BF5B0697-BB96-4B0B-8F3B-A40D6CE7ED7C}"
EndProject
Project("{FAE04EC0-301F-11D3-BF4B-00C04F79EFBC}") = "Repositories", "Repositories\Repositories.csproj", "{4847B7BD-CD35-464A-8EBA-5A423E27D003}"
EndProject
Project("{FAE04EC0-301F-11D3-BF4B-00C04F79EFBC}") = "VuLongRazorPages", "VuLongRazorPages\VuLongRazorPages.csproj", "{688A5405-C8F6-460F-B114-EBD8BCEFB3D8}"
EndProject
Global
	GlobalSection(SolutionConfigurationPlatforms) = preSolution
		Debug|Any CPU = Debug|Any CPU
		Release|Any CPU = Release|Any CPU
	EndGlobalSection
	GlobalSection(ProjectConfigurationPlatforms) = postSolution
		{6A984D63-F258-4CCA-AD51-89B49E2D000E}.Debug|Any CPU.ActiveCfg = Debug|Any CPU
		{6A984D63-F258-4CCA-AD51-89B49E2D000E}.Debug|Any CPU.Build.0 = Debug|Any CPU
		{6A984D63-F258-4CCA-AD51-89B49E2D000E}.Release|Any CPU.ActiveCfg = Release|Any CPU
		{6A984D63-F258-4CCA-AD51-89B49E2D000E}.Release|Any CPU.Build.0 = Release|Any CPU
		{BF5B0697-BB96-4B0B-8F3B-A40D6CE7ED7C}.Debug|Any CPU.ActiveCfg = Debug|Any CPU
		{BF5B0697-BB96-4B0B-8F3B-A40D6CE7ED7C}.Debug|Any CPU.Build.0 = Debug|Any CPU
		{BF5B0697-BB96-4B0B-8F3B-A40D6CE7ED7C}.Release|Any CPU.ActiveCfg = Release|Any CPU
		{BF5B0697-BB96-4B0B-8F3B-A40D6CE7ED7C}.Release|Any CPU.Build.0 = Release|Any CPU
		{4847B7BD-CD35-464A-8EBA-5A423E27D003}.Debug|Any CPU.ActiveCfg = Debug|Any CPU
		{4847B7BD-CD35-464A-8EBA-5A423E27D003}.Debug|Any CPU.Build.0 = Debug|Any CPU
		{4847B7BD-CD35-464A-8EBA-5A423E27D003}.Release|Any CPU.ActiveCfg = Release|Any CPU
		{4847B7BD-CD35-464A-8EBA-5A423E27D003}.Release|Any CPU.Build.0 = Release|Any CPU
		{688A5405-C8F6-460F-B114-EBD8BCEFB3D8}.Debug|Any CPU.ActiveCfg = Debug|Any CPU
		{688A5405-C8F6-460F-B114-EBD8BCEFB3D8}.Debug|Any CPU.Build.0 = Debug|Any CPU
		{688A5405-C8F6-460F-B114-EBD8BCEFB3D8}.Release|Any CPU.ActiveCfg = Release|Any CPU
		{688A5405-C8F6-460F-B114-EBD8BCEFB3D8}.Release|Any CPU.Build.0 = Release|Any CPU
	EndGlobalSection
	GlobalSection(SolutionProperties) = preSolution
		HideSolutionNode = FALSE
	EndGlobalSection
	GlobalSection(ExtensibilityGlobals) = postSolution
		SolutionGuid = {D459EDD9-8A51-401D-A27C-837698755C65}
	EndGlobalSection
EndGlobal
